// !$*UTF8*$!
{
	archiveVersion = 1;
	classes = {
	};
	objectVersion = 77;
	objects = {

/* Begin PBXBuildFile section */
		2346BBE42E5F0960008548BE /* Slide.gif in Resources */ = {isa = PBXBuildFile; fileRef = 2346BBE32E5F0960008548BE /* Slide.gif */; };
		2346BBE52E5F0960008548BE /* Tap.gif in Resources */ = {isa = PBXBuildFile; fileRef = 2346BBE22E5F0960008548BE /* Tap.gif */; };
		234D2B7C2E5C5ACA00BB9F57 /* SpaceRoom in Frameworks */ = {isa = PBXBuildFile; productRef = 234D2B7B2E5C5ACA00BB9F57 /* SpaceRoom */; };
		234D2B872E5C5AD800BB9F57 /* Assets.xcassets in Resources */ = {isa = PBXBuildFile; fileRef = 234D2B7E2E5C5AD800BB9F57 /* Assets.xcassets */; };
		234D2B892E5C5AD800BB9F57 /* LaunchScreen.storyboard in Resources */ = {isa = PBXBuildFile; fileRef = 234D2B812E5C5AD800BB9F57 /* LaunchScreen.storyboard */; };
		234D2B8A2E5C5AD800BB9F57 /* Main.storyboard in Resources */ = {isa = PBXBuildFile; fileRef = 234D2B832E5C5AD800BB9F57 /* Main.storyboard */; };
		234D2B8B2E5C5AD800BB9F57 /* AppDelegate.swift in Sources */ = {isa = PBXBuildFile; fileRef = 234D2B7D2E5C5AD800BB9F57 /* AppDelegate.swift */; };
		234D2B8D2E5C5AD800BB9F57 /* ViewController.swift in Sources */ = {isa = PBXBuildFile; fileRef = 234D2B852E5C5AD800BB9F57 /* ViewController.swift */; };
		234D2B902E5C5ADB00BB9F57 /* SpaceRoom_ExampleTests.swift in Sources */ = {isa = PBXBuildFile; fileRef = 234D2B8E2E5C5ADB00BB9F57 /* SpaceRoom_ExampleTests.swift */; };
		234D2B942E5C5ADE00BB9F57 /* SpaceRoom_ExampleUITests.swift in Sources */ = {isa = PBXBuildFile; fileRef = 234D2B912E5C5ADE00BB9F57 /* SpaceRoom_ExampleUITests.swift */; };
		234D2B952E5C5ADE00BB9F57 /* SpaceRoom_ExampleUITestsLaunchTests.swift in Sources */ = {isa = PBXBuildFile; fileRef = 234D2B922E5C5ADE00BB9F57 /* SpaceRoom_ExampleUITestsLaunchTests.swift */; };
		234D2B982E5CABC600BB9F57 /* YellowController.swift in Sources */ = {isa = PBXBuildFile; fileRef = 234D2B972E5CABC000BB9F57 /* YellowController.swift */; };
		234D2B9A2E5CABCD00BB9F57 /* RedController.swift in Sources */ = {isa = PBXBuildFile; fileRef = 234D2B992E5CABC900BB9F57 /* RedController.swift */; };
		234D2B9C2E5CABD500BB9F57 /* PurpleController.swift in Sources */ = {isa = PBXBuildFile; fileRef = 234D2B9B2E5CABD000BB9F57 /* PurpleController.swift */; };
		234D2B9F2E5CAC6700BB9F57 /* ScrollableSegment in Frameworks */ = {isa = PBXBuildFile; productRef = 234D2B9E2E5CAC6700BB9F57 /* ScrollableSegment */; };
		234D2BA22E5CAD3200BB9F57 /* Yang in Frameworks */ = {isa = PBXBuildFile; productRef = 234D2BA12E5CAD3200BB9F57 /* Yang */; };
/* End PBXBuildFile section */

/* Begin PBXContainerItemProxy section */
		2327087E2E5B5B6F0024597E /* PBXContainerItemProxy */ = {
			isa = PBXContainerItemProxy;
			containerPortal = 2327085F2E5B5B6E0024597E /* Project object */;
			proxyType = 1;
			remoteGlobalIDString = 232708662E5B5B6E0024597E;
			remoteInfo = "SpaceRoom-Example";
		};
		232708882E5B5B6F0024597E /* PBXContainerItemProxy */ = {
			isa = PBXContainerItemProxy;
			containerPortal = 2327085F2E5B5B6E0024597E /* Project object */;
			proxyType = 1;
			remoteGlobalIDString = 232708662E5B5B6E0024597E;
			remoteInfo = "SpaceRoom-Example";
		};
/* End PBXContainerItemProxy section */

/* Begin PBXFileReference section */
		232708672E5B5B6E0024597E /* SpaceRoom-Example.app */ = {isa = PBXFileReference; explicitFileType = wrapper.application; includeInIndex = 0; path = "SpaceRoom-Example.app"; sourceTree = BUILT_PRODUCTS_DIR; };
		2327087D2E5B5B6F0024597E /* SpaceRoom-ExampleTests.xctest */ = {isa = PBXFileReference; explicitFileType = wrapper.cfbundle; includeInIndex = 0; path = "SpaceRoom-ExampleTests.xctest"; sourceTree = BUILT_PRODUCTS_DIR; };
		232708872E5B5B6F0024597E /* SpaceRoom-ExampleUITests.xctest */ = {isa = PBXFileReference; explicitFileType = wrapper.cfbundle; includeInIndex = 0; path = "SpaceRoom-ExampleUITests.xctest"; sourceTree = BUILT_PRODUCTS_DIR; };
		2346BBE22E5F0960008548BE /* Tap.gif */ = {isa = PBXFileReference; lastKnownFileType = image.gif; path = Tap.gif; sourceTree = "<group>"; };
		2346BBE32E5F0960008548BE /* Slide.gif */ = {isa = PBXFileReference; lastKnownFileType = image.gif; path = Slide.gif; sourceTree = "<group>"; };
		234D2B7D2E5C5AD800BB9F57 /* AppDelegate.swift */ = {isa = PBXFileReference; lastKnownFileType = sourcecode.swift; path = AppDelegate.swift; sourceTree = "<group>"; };
		234D2B7E2E5C5AD800BB9F57 /* Assets.xcassets */ = {isa = PBXFileReference; lastKnownFileType = folder.assetcatalog; path = Assets.xcassets; sourceTree = "<group>"; };
		234D2B7F2E5C5AD800BB9F57 /* Info.plist */ = {isa = PBXFileReference; lastKnownFileType = text.plist.xml; path = Info.plist; sourceTree = "<group>"; };
		234D2B802E5C5AD800BB9F57 /* Base */ = {isa = PBXFileReference; lastKnownFileType = file.storyboard; name = Base; path = Base.lproj/LaunchScreen.storyboard; sourceTree = "<group>"; };
		234D2B822E5C5AD800BB9F57 /* Base */ = {isa = PBXFileReference; lastKnownFileType = file.storyboard; name = Base; path = Base.lproj/Main.storyboard; sourceTree = "<group>"; };
		234D2B852E5C5AD800BB9F57 /* ViewController.swift */ = {isa = PBXFileReference; lastKnownFileType = sourcecode.swift; path = ViewController.swift; sourceTree = "<group>"; };
		234D2B8E2E5C5ADB00BB9F57 /* SpaceRoom_ExampleTests.swift */ = {isa = PBXFileReference; lastKnownFileType = sourcecode.swift; path = SpaceRoom_ExampleTests.swift; sourceTree = "<group>"; };
		234D2B912E5C5ADE00BB9F57 /* SpaceRoom_ExampleUITests.swift */ = {isa = PBXFileReference; lastKnownFileType = sourcecode.swift; path = SpaceRoom_ExampleUITests.swift; sourceTree = "<group>"; };
		234D2B922E5C5ADE00BB9F57 /* SpaceRoom_ExampleUITestsLaunchTests.swift */ = {isa = PBXFileReference; lastKnownFileType = sourcecode.swift; path = SpaceRoom_ExampleUITestsLaunchTests.swift; sourceTree = "<group>"; };
		234D2B972E5CABC000BB9F57 /* YellowController.swift */ = {isa = PBXFileReference; lastKnownFileType = sourcecode.swift; path = YellowController.swift; sourceTree = "<group>"; };
		234D2B992E5CABC900BB9F57 /* RedController.swift */ = {isa = PBXFileReference; lastKnownFileType = sourcecode.swift; path = RedController.swift; sourceTree = "<group>"; };
		234D2B9B2E5CABD000BB9F57 /* PurpleController.swift */ = {isa = PBXFileReference; lastKnownFileType = sourcecode.swift; path = PurpleController.swift; sourceTree = "<group>"; };
/* End PBXFileReference section */

/* Begin PBXFrameworksBuildPhase section */
		232708642E5B5B6E0024597E /* Frameworks */ = {
			isa = PBXFrameworksBuildPhase;
			buildActionMask = 2147483647;
			files = (
				234D2B7C2E5C5ACA00BB9F57 /* SpaceRoom in Frameworks */,
				234D2B9F2E5CAC6700BB9F57 /* ScrollableSegment in Frameworks */,
				234D2BA22E5CAD3200BB9F57 /* Yang in Frameworks */,
			);
			runOnlyForDeploymentPostprocessing = 0;
		};
		2327087A2E5B5B6F0024597E /* Frameworks */ = {
			isa = PBXFrameworksBuildPhase;
			buildActionMask = 2147483647;
			files = (
			);
			runOnlyForDeploymentPostprocessing = 0;
		};
		232708842E5B5B6F0024597E /* Frameworks */ = {
			isa = PBXFrameworksBuildPhase;
			buildActionMask = 2147483647;
			files = (
			);
			runOnlyForDeploymentPostprocessing = 0;
		};
/* End PBXFrameworksBuildPhase section */

/* Begin PBXGroup section */
		2327085E2E5B5B6E0024597E = {
			isa = PBXGroup;
			children = (
				234D2B862E5C5AD800BB9F57 /* SpaceRoom-Example */,
				234D2B8F2E5C5ADB00BB9F57 /* SpaceRoom-ExampleTests */,
				234D2B932E5C5ADE00BB9F57 /* SpaceRoom-ExampleUITests */,
				232708682E5B5B6E0024597E /* Products */,
			);
			sourceTree = "<group>";
		};
		232708682E5B5B6E0024597E /* Products */ = {
			isa = PBXGroup;
			children = (
				232708672E5B5B6E0024597E /* SpaceRoom-Example.app */,
				2327087D2E5B5B6F0024597E /* SpaceRoom-ExampleTests.xctest */,
				232708872E5B5B6F0024597E /* SpaceRoom-ExampleUITests.xctest */,
			);
			name = Products;
			sourceTree = "<group>";
		};
		234D2B862E5C5AD800BB9F57 /* SpaceRoom-Example */ = {
			isa = PBXGroup;
			children = (
				234D2B962E5C5AE100BB9F57 /* Resources */,
				234D2B7D2E5C5AD800BB9F57 /* AppDelegate.swift */,
				234D2B852E5C5AD800BB9F57 /* ViewController.swift */,
				234D2B9B2E5CABD000BB9F57 /* PurpleController.swift */,
				234D2B992E5CABC900BB9F57 /* RedController.swift */,
				234D2B972E5CABC000BB9F57 /* YellowController.swift */,
				234D2B7E2E5C5AD800BB9F57 /* Assets.xcassets */,
				234D2B7F2E5C5AD800BB9F57 /* Info.plist */,
				234D2B812E5C5AD800BB9F57 /* LaunchScreen.storyboard */,
				234D2B832E5C5AD800BB9F57 /* Main.storyboard */,
			);
			path = "SpaceRoom-Example";
			sourceTree = "<group>";
		};
		234D2B8F2E5C5ADB00BB9F57 /* SpaceRoom-ExampleTests */ = {
			isa = PBXGroup;
			children = (
				234D2B8E2E5C5ADB00BB9F57 /* SpaceRoom_ExampleTests.swift */,
			);
			path = "SpaceRoom-ExampleTests";
			sourceTree = "<group>";
		};
		234D2B932E5C5ADE00BB9F57 /* SpaceRoom-ExampleUITests */ = {
			isa = PBXGroup;
			children = (
				234D2B912E5C5ADE00BB9F57 /* SpaceRoom_ExampleUITests.swift */,
				234D2B922E5C5ADE00BB9F57 /* SpaceRoom_ExampleUITestsLaunchTests.swift */,
			);
			path = "SpaceRoom-ExampleUITests";
			sourceTree = "<group>";
		};
		234D2B962E5C5AE100BB9F57 /* Resources */ = {
			isa = PBXGroup;
			children = (
				2346BBE22E5F0960008548BE /* Tap.gif */,
				2346BBE32E5F0960008548BE /* Slide.gif */,
			);
			path = Resources;
			sourceTree = "<group>";
		};
/* End PBXGroup section */

/* Begin PBXNativeTarget section */
		232708662E5B5B6E0024597E /* SpaceRoom-Example */ = {
			isa = PBXNativeTarget;
			buildConfigurationList = 232708902E5B5B6F0024597E /* Build configuration list for PBXNativeTarget "SpaceRoom-Example" */;
			buildPhases = (
				232708632E5B5B6E0024597E /* Sources */,
				232708642E5B5B6E0024597E /* Frameworks */,
				232708652E5B5B6E0024597E /* Resources */,
			);
			buildRules = (
			);
			dependencies = (
			);
			name = "SpaceRoom-Example";
			packageProductDependencies = (
				234D2B7B2E5C5ACA00BB9F57 /* SpaceRoom */,
				234D2B9E2E5CAC6700BB9F57 /* ScrollableSegment */,
				234D2BA12E5CAD3200BB9F57 /* Yang */,
			);
			productName = "SpaceRoom-Example";
			productReference = 232708672E5B5B6E0024597E /* SpaceRoom-Example.app */;
			productType = "com.apple.product-type.application";
		};
		2327087C2E5B5B6F0024597E /* SpaceRoom-ExampleTests */ = {
			isa = PBXNativeTarget;
			buildConfigurationList = 232708952E5B5B6F0024597E /* Build configuration list for PBXNativeTarget "SpaceRoom-ExampleTests" */;
			buildPhases = (
				232708792E5B5B6F0024597E /* Sources */,
				2327087A2E5B5B6F0024597E /* Frameworks */,
				2327087B2E5B5B6F0024597E /* Resources */,
			);
			buildRules = (
			);
			dependencies = (
				2327087F2E5B5B6F0024597E /* PBXTargetDependency */,
			);
			name = "SpaceRoom-ExampleTests";
			packageProductDependencies = (
			);
			productName = "SpaceRoom-ExampleTests";
			productReference = 2327087D2E5B5B6F0024597E /* SpaceRoom-ExampleTests.xctest */;
			productType = "com.apple.product-type.bundle.unit-test";
		};
		232708862E5B5B6F0024597E /* SpaceRoom-ExampleUITests */ = {
			isa = PBXNativeTarget;
			buildConfigurationList = 232708982E5B5B6F0024597E /* Build configuration list for PBXNativeTarget "SpaceRoom-ExampleUITests" */;
			buildPhases = (
				232708832E5B5B6F0024597E /* Sources */,
				232708842E5B5B6F0024597E /* Frameworks */,
				232708852E5B5B6F0024597E /* Resources */,
			);
			buildRules = (
			);
			dependencies = (
				232708892E5B5B6F0024597E /* PBXTargetDependency */,
			);
			name = "SpaceRoom-ExampleUITests";
			packageProductDependencies = (
			);
			productName = "SpaceRoom-ExampleUITests";
			productReference = 232708872E5B5B6F0024597E /* SpaceRoom-ExampleUITests.xctest */;
			productType = "com.apple.product-type.bundle.ui-testing";
		};
/* End PBXNativeTarget section */

/* Begin PBXProject section */
		2327085F2E5B5B6E0024597E /* Project object */ = {
			isa = PBXProject;
			attributes = {
				BuildIndependentTargetsInParallel = 1;
				LastSwiftUpdateCheck = 1620;
				LastUpgradeCheck = 1620;
				TargetAttributes = {
					232708662E5B5B6E0024597E = {
						CreatedOnToolsVersion = 16.2;
					};
					2327087C2E5B5B6F0024597E = {
						CreatedOnToolsVersion = 16.2;
						TestTargetID = 232708662E5B5B6E0024597E;
					};
					232708862E5B5B6F0024597E = {
						CreatedOnToolsVersion = 16.2;
						TestTargetID = 232708662E5B5B6E0024597E;
					};
				};
			};
			buildConfigurationList = 232708622E5B5B6E0024597E /* Build configuration list for PBXProject "SpaceRoom-Example" */;
			developmentRegion = en;
			hasScannedForEncodings = 0;
			knownRegions = (
				en,
				Base,
			);
			mainGroup = 2327085E2E5B5B6E0024597E;
			minimizedProjectReferenceProxies = 1;
			packageReferences = (
				234D2B7A2E5C5ACA00BB9F57 /* XCLocalSwiftPackageReference "../../SpaceRoom" */,
				234D2B9D2E5CAC6700BB9F57 /* XCRemoteSwiftPackageReference "ScrollableSegment" */,
				234D2BA02E5CAD3200BB9F57 /* XCRemoteSwiftPackageReference "Yang" */,
			);
			preferredProjectObjectVersion = 77;
			productRefGroup = 232708682E5B5B6E0024597E /* Products */;
			projectDirPath = "";
			projectRoot = "";
			targets = (
				232708662E5B5B6E0024597E /* SpaceRoom-Example */,
				2327087C2E5B5B6F0024597E /* SpaceRoom-ExampleTests */,
				232708862E5B5B6F0024597E /* SpaceRoom-ExampleUITests */,
			);
		};
/* End PBXProject section */

/* Begin PBXResourcesBuildPhase section */
		232708652E5B5B6E0024597E /* Resources */ = {
			isa = PBXResourcesBuildPhase;
			buildActionMask = 2147483647;
			files = (
				234D2B872E5C5AD800BB9F57 /* Assets.xcassets in Resources */,
				234D2B892E5C5AD800BB9F57 /* LaunchScreen.storyboard in Resources */,
				234D2B8A2E5C5AD800BB9F57 /* Main.storyboard in Resources */,
				2346BBE42E5F0960008548BE /* Slide.gif in Resources */,
				2346BBE52E5F0960008548BE /* Tap.gif in Resources */,
			);
			runOnlyForDeploymentPostprocessing = 0;
		};
		2327087B2E5B5B6F0024597E /* Resources */ = {
			isa = PBXResourcesBuildPhase;
			buildActionMask = 2147483647;
			files = (
			);
			runOnlyForDeploymentPostprocessing = 0;
		};
		232708852E5B5B6F0024597E /* Resources */ = {
			isa = PBXResourcesBuildPhase;
			buildActionMask = 2147483647;
			files = (
			);
			runOnlyForDeploymentPostprocessing = 0;
		};
/* End PBXResourcesBuildPhase section */

/* Begin PBXSourcesBuildPhase section */
		232708632E5B5B6E0024597E /* Sources */ = {
			isa = PBXSourcesBuildPhase;
			buildActionMask = 2147483647;
			files = (
				234D2B8B2E5C5AD800BB9F57 /* AppDelegate.swift in Sources */,
				234D2B9A2E5CABCD00BB9F57 /* RedController.swift in Sources */,
				234D2B8D2E5C5AD800BB9F57 /* ViewController.swift in Sources */,
				234D2B9C2E5CABD500BB9F57 /* PurpleController.swift in Sources */,
				234D2B982E5CABC600BB9F57 /* YellowController.swift in Sources */,
			);
			runOnlyForDeploymentPostprocessing = 0;
		};
		232708792E5B5B6F0024597E /* Sources */ = {
			isa = PBXSourcesBuildPhase;
			buildActionMask = 2147483647;
			files = (
				234D2B902E5C5ADB00BB9F57 /* SpaceRoom_ExampleTests.swift in Sources */,
			);
			runOnlyForDeploymentPostprocessing = 0;
		};
		232708832E5B5B6F0024597E /* Sources */ = {
			isa = PBXSourcesBuildPhase;
			buildActionMask = 2147483647;
			files = (
				234D2B942E5C5ADE00BB9F57 /* SpaceRoom_ExampleUITests.swift in Sources */,
				234D2B952E5C5ADE00BB9F57 /* SpaceRoom_ExampleUITestsLaunchTests.swift in Sources */,
			);
			runOnlyForDeploymentPostprocessing = 0;
		};
/* End PBXSourcesBuildPhase section */

/* Begin PBXTargetDependency section */
		2327087F2E5B5B6F0024597E /* PBXTargetDependency */ = {
			isa = PBXTargetDependency;
			target = 232708662E5B5B6E0024597E /* SpaceRoom-Example */;
			targetProxy = 2327087E2E5B5B6F0024597E /* PBXContainerItemProxy */;
		};
		232708892E5B5B6F0024597E /* PBXTargetDependency */ = {
			isa = PBXTargetDependency;
			target = 232708662E5B5B6E0024597E /* SpaceRoom-Example */;
			targetProxy = 232708882E5B5B6F0024597E /* PBXContainerItemProxy */;
		};
/* End PBXTargetDependency section */

/* Begin PBXVariantGroup section */
		234D2B812E5C5AD800BB9F57 /* LaunchScreen.storyboard */ = {
			isa = PBXVariantGroup;
			children = (
				234D2B802E5C5AD800BB9F57 /* Base */,
			);
			name = LaunchScreen.storyboard;
			sourceTree = "<group>";
		};
		234D2B832E5C5AD800BB9F57 /* Main.storyboard */ = {
			isa = PBXVariantGroup;
			children = (
				234D2B822E5C5AD800BB9F57 /* Base */,
			);
			name = Main.storyboard;
			sourceTree = "<group>";
		};
/* End PBXVariantGroup section */

/* Begin XCBuildConfiguration section */
		232708912E5B5B6F0024597E /* Debug */ = {
			isa = XCBuildConfiguration;
			buildSettings = {
				ASSETCATALOG_COMPILER_APPICON_NAME = AppIcon;
				ASSETCATALOG_COMPILER_GLOBAL_ACCENT_COLOR_NAME = AccentColor;
				CODE_SIGN_STYLE = Automatic;
				CURRENT_PROJECT_VERSION = 1;
				DEVELOPMENT_TEAM = R25D8C74JA;
				GENERATE_INFOPLIST_FILE = YES;
				INFOPLIST_FILE = "SpaceRoom-Example/Info.plist";
				INFOPLIST_KEY_UIApplicationSupportsIndirectInputEvents = YES;
				INFOPLIST_KEY_UILaunchStoryboardName = LaunchScreen;
				INFOPLIST_KEY_UIMainStoryboardFile = Main;
				INFOPLIST_KEY_UISupportedInterfaceOrientations = "UIInterfaceOrientationLandscapeLeft UIInterfaceOrientationLandscapeRight UIInterfaceOrientationPortrait";
				INFOPLIST_KEY_UISupportedInterfaceOrientations_iPad = "UIInterfaceOrientationLandscapeLeft UIInterfaceOrientationLandscapeRight UIInterfaceOrientationPortrait UIInterfaceOrientationPortraitUpsideDown";
				IPHONEOS_DEPLOYMENT_TARGET = 12.0;
				LD_RUNPATH_SEARCH_PATHS = (
					"$(inherited)",
					"@executable_path/Frameworks",
				);
				MARKETING_VERSION = 1.0;
				PRODUCT_BUNDLE_IDENTIFIER = "com.subaiii.SpaceRoom-Example";
				PRODUCT_NAME = "$(TARGET_NAME)";
				SUPPORTED_PLATFORMS = "iphoneos iphonesimulator";
				SUPPORTS_MACCATALYST = NO;
				SUPPORTS_MAC_DESIGNED_FOR_IPHONE_IPAD = NO;
				SWIFT_EMIT_LOC_STRINGS = YES;
				SWIFT_VERSION = 5.0;
				TARGETED_DEVICE_FAMILY = "1,2";
			};
			name = Debug;
		};
		232708922E5B5B6F0024597E /* Release */ = {
			isa = XCBuildConfiguration;
			buildSettings = {
				ASSETCATALOG_COMPILER_APPICON_NAME = AppIcon;
				ASSETCATALOG_COMPILER_GLOBAL_ACCENT_COLOR_NAME = AccentColor;
				CODE_SIGN_STYLE = Automatic;
				CURRENT_PROJECT_VERSION = 1;
				DEVELOPMENT_TEAM = R25D8C74JA;
				GENERATE_INFOPLIST_FILE = YES;
				INFOPLIST_FILE = "SpaceRoom-Example/Info.plist";
				INFOPLIST_KEY_UIApplicationSupportsIndirectInputEvents = YES;
				INFOPLIST_KEY_UILaunchStoryboardName = LaunchScreen;
				INFOPLIST_KEY_UIMainStoryboardFile = Main;
				INFOPLIST_KEY_UISupportedInterfaceOrientations = "UIInterfaceOrientationLandscapeLeft UIInterfaceOrientationLandscapeRight UIInterfaceOrientationPortrait";
				INFOPLIST_KEY_UISupportedInterfaceOrientations_iPad = "UIInterfaceOrientationLandscapeLeft UIInterfaceOrientationLandscapeRight UIInterfaceOrientationPortrait UIInterfaceOrientationPortraitUpsideDown";
				IPHONEOS_DEPLOYMENT_TARGET = 12.0;
				LD_RUNPATH_SEARCH_PATHS = (
					"$(inherited)",
					"@executable_path/Frameworks",
				);
				MARKETING_VERSION = 1.0;
				PRODUCT_BUNDLE_IDENTIFIER = "com.subaiii.SpaceRoom-Example";
				PRODUCT_NAME = "$(TARGET_NAME)";
				SUPPORTED_PLATFORMS = "iphoneos iphonesimulator";
				SUPPORTS_MACCATALYST = NO;
				SUPPORTS_MAC_DESIGNED_FOR_IPHONE_IPAD = NO;
				SWIFT_EMIT_LOC_STRINGS = YES;
				SWIFT_VERSION = 5.0;
				TARGETED_DEVICE_FAMILY = "1,2";
			};
			name = Release;
		};
		232708932E5B5B6F0024597E /* Debug */ = {
			isa = XCBuildConfiguration;
			buildSettings = {
				ALWAYS_SEARCH_USER_PATHS = NO;
				ASSETCATALOG_COMPILER_GENERATE_SWIFT_ASSET_SYMBOL_EXTENSIONS = YES;
				CLANG_ANALYZER_NONNULL = YES;
				CLANG_ANALYZER_NUMBER_OBJECT_CONVERSION = YES_AGGRESSIVE;
				CLANG_CXX_LANGUAGE_STANDARD = "gnu++20";
				CLANG_ENABLE_MODULES = YES;
				CLANG_ENABLE_OBJC_ARC = YES;
				CLANG_ENABLE_OBJC_WEAK = YES;
				CLANG_WARN_BLOCK_CAPTURE_AUTORELEASING = YES;
				CLANG_WARN_BOOL_CONVERSION = YES;
				CLANG_WARN_COMMA = YES;
				CLANG_WARN_CONSTANT_CONVERSION = YES;
				CLANG_WARN_DEPRECATED_OBJC_IMPLEMENTATIONS = YES;
				CLANG_WARN_DIRECT_OBJC_ISA_USAGE = YES_ERROR;
				CLANG_WARN_DOCUMENTATION_COMMENTS = YES;
				CLANG_WARN_EMPTY_BODY = YES;
				CLANG_WARN_ENUM_CONVERSION = YES;
				CLANG_WARN_INFINITE_RECURSION = YES;
				CLANG_WARN_INT_CONVERSION = YES;
				CLANG_WARN_NON_LITERAL_NULL_CONVERSION = YES;
				CLANG_WARN_OBJC_IMPLICIT_RETAIN_SELF = YES;
				CLANG_WARN_OBJC_LITERAL_CONVERSION = YES;
				CLANG_WARN_OBJC_ROOT_CLASS = YES_ERROR;
				CLANG_WARN_QUOTED_INCLUDE_IN_FRAMEWORK_HEADER = YES;
				CLANG_WARN_RANGE_LOOP_ANALYSIS = YES;
				CLANG_WARN_STRICT_PROTOTYPES = YES;
				CLANG_WARN_SUSPICIOUS_MOVE = YES;
				CLANG_WARN_UNGUARDED_AVAILABILITY = YES_AGGRESSIVE;
				CLANG_WARN_UNREACHABLE_CODE = YES;
				CLANG_WARN__DUPLICATE_METHOD_MATCH = YES;
				COPY_PHASE_STRIP = NO;
				DEBUG_INFORMATION_FORMAT = dwarf;
				ENABLE_STRICT_OBJC_MSGSEND = YES;
				ENABLE_TESTABILITY = YES;
				ENABLE_USER_SCRIPT_SANDBOXING = YES;
				GCC_C_LANGUAGE_STANDARD = gnu17;
				GCC_DYNAMIC_NO_PIC = NO;
				GCC_NO_COMMON_BLOCKS = YES;
				GCC_OPTIMIZATION_LEVEL = 0;
				GCC_PREPROCESSOR_DEFINITIONS = (
					"DEBUG=1",
					"$(inherited)",
				);
				GCC_WARN_64_TO_32_BIT_CONVERSION = YES;
				GCC_WARN_ABOUT_RETURN_TYPE = YES_ERROR;
				GCC_WARN_UNDECLARED_SELECTOR = YES;
				GCC_WARN_UNINITIALIZED_AUTOS = YES_AGGRESSIVE;
				GCC_WARN_UNUSED_FUNCTION = YES;
				GCC_WARN_UNUSED_VARIABLE = YES;
				IPHONEOS_DEPLOYMENT_TARGET = 18.2;
				LOCALIZATION_PREFERS_STRING_CATALOGS = YES;
				MTL_ENABLE_DEBUG_INFO = INCLUDE_SOURCE;
				MTL_FAST_MATH = YES;
				ONLY_ACTIVE_ARCH = YES;
				SDKROOT = iphoneos;
				SWIFT_ACTIVE_COMPILATION_CONDITIONS = "DEBUG $(inherited)";
				SWIFT_OPTIMIZATION_LEVEL = "-Onone";
			};
			name = Debug;
		};
		232708942E5B5B6F0024597E /* Release */ = {
			isa = XCBuildConfiguration;
			buildSettings = {
				ALWAYS_SEARCH_USER_PATHS = NO;
				ASSETCATALOG_COMPILER_GENERATE_SWIFT_ASSET_SYMBOL_EXTENSIONS = YES;
				CLANG_ANALYZER_NONNULL = YES;
				CLANG_ANALYZER_NUMBER_OBJECT_CONVERSION = YES_AGGRESSIVE;
				CLANG_CXX_LANGUAGE_STANDARD = "gnu++20";
				CLANG_ENABLE_MODULES = YES;
				CLANG_ENABLE_OBJC_ARC = YES;
				CLANG_ENABLE_OBJC_WEAK = YES;
				CLANG_WARN_BLOCK_CAPTURE_AUTORELEASING = YES;
				CLANG_WARN_BOOL_CONVERSION = YES;
				CLANG_WARN_COMMA = YES;
				CLANG_WARN_CONSTANT_CONVERSION = YES;
				CLANG_WARN_DEPRECATED_OBJC_IMPLEMENTATIONS = YES;
				CLANG_WARN_DIRECT_OBJC_ISA_USAGE = YES_ERROR;
				CLANG_WARN_DOCUMENTATION_COMMENTS = YES;
				CLANG_WARN_EMPTY_BODY = YES;
				CLANG_WARN_ENUM_CONVERSION = YES;
				CLANG_WARN_INFINITE_RECURSION = YES;
				CLANG_WARN_INT_CONVERSION = YES;
				CLANG_WARN_NON_LITERAL_NULL_CONVERSION = YES;
				CLANG_WARN_OBJC_IMPLICIT_RETAIN_SELF = YES;
				CLANG_WARN_OBJC_LITERAL_CONVERSION = YES;
				CLANG_WARN_OBJC_ROOT_CLASS = YES_ERROR;
				CLANG_WARN_QUOTED_INCLUDE_IN_FRAMEWORK_HEADER = YES;
				CLANG_WARN_RANGE_LOOP_ANALYSIS = YES;
				CLANG_WARN_STRICT_PROTOTYPES = YES;
				CLANG_WARN_SUSPICIOUS_MOVE = YES;
				CLANG_WARN_UNGUARDED_AVAILABILITY = YES_AGGRESSIVE;
				CLANG_WARN_UNREACHABLE_CODE = YES;
				CLANG_WARN__DUPLICATE_METHOD_MATCH = YES;
				COPY_PHASE_STRIP = NO;
				DEBUG_INFORMATION_FORMAT = "dwarf-with-dsym";
				ENABLE_NS_ASSERTIONS = NO;
				ENABLE_STRICT_OBJC_MSGSEND = YES;
				ENABLE_USER_SCRIPT_SANDBOXING = YES;
				GCC_C_LANGUAGE_STANDARD = gnu17;
				GCC_NO_COMMON_BLOCKS = YES;
				GCC_WARN_64_TO_32_BIT_CONVERSION = YES;
				GCC_WARN_ABOUT_RETURN_TYPE = YES_ERROR;
				GCC_WARN_UNDECLARED_SELECTOR = YES;
				GCC_WARN_UNINITIALIZED_AUTOS = YES_AGGRESSIVE;
				GCC_WARN_UNUSED_FUNCTION = YES;
				GCC_WARN_UNUSED_VARIABLE = YES;
				IPHONEOS_DEPLOYMENT_TARGET = 18.2;
				LOCALIZATION_PREFERS_STRING_CATALOGS = YES;
				MTL_ENABLE_DEBUG_INFO = NO;
				MTL_FAST_MATH = YES;
				SDKROOT = iphoneos;
				SWIFT_COMPILATION_MODE = wholemodule;
				VALIDATE_PRODUCT = YES;
			};
			name = Release;
		};
		232708962E5B5B6F0024597E /* Debug */ = {
			isa = XCBuildConfiguration;
			buildSettings = {
				BUNDLE_LOADER = "$(TEST_HOST)";
				CODE_SIGN_STYLE = Automatic;
				CURRENT_PROJECT_VERSION = 1;
				DEVELOPMENT_TEAM = R25D8C74JA;
				GENERATE_INFOPLIST_FILE = YES;
				IPHONEOS_DEPLOYMENT_TARGET = 12.0;
				MARKETING_VERSION = 1.0;
				PRODUCT_BUNDLE_IDENTIFIER = "com.subaiii.SpaceRoom-ExampleTests";
				PRODUCT_NAME = "$(TARGET_NAME)";
				SUPPORTED_PLATFORMS = "iphoneos iphonesimulator";
				SUPPORTS_MACCATALYST = NO;
				SUPPORTS_MAC_DESIGNED_FOR_IPHONE_IPAD = NO;
				SWIFT_EMIT_LOC_STRINGS = NO;
				SWIFT_VERSION = 5.0;
				TARGETED_DEVICE_FAMILY = "1,2";
				TEST_HOST = "$(BUILT_PRODUCTS_DIR)/SpaceRoom-Example.app/$(BUNDLE_EXECUTABLE_FOLDER_PATH)/SpaceRoom-Example";
			};
			name = Debug;
		};
		232708972E5B5B6F0024597E /* Release */ = {
			isa = XCBuildConfiguration;
			buildSettings = {
				BUNDLE_LOADER = "$(TEST_HOST)";
				CODE_SIGN_STYLE = Automatic;
				CURRENT_PROJECT_VERSION = 1;
				DEVELOPMENT_TEAM = R25D8C74JA;
				GENERATE_INFOPLIST_FILE = YES;
				IPHONEOS_DEPLOYMENT_TARGET = 12.0;
				MARKETING_VERSION = 1.0;
				PRODUCT_BUNDLE_IDENTIFIER = "com.subaiii.SpaceRoom-ExampleTests";
				PRODUCT_NAME = "$(TARGET_NAME)";
				SUPPORTED_PLATFORMS = "iphoneos iphonesimulator";
				SUPPORTS_MACCATALYST = NO;
				SUPPORTS_MAC_DESIGNED_FOR_IPHONE_IPAD = NO;
				SWIFT_EMIT_LOC_STRINGS = NO;
				SWIFT_VERSION = 5.0;
				TARGETED_DEVICE_FAMILY = "1,2";
				TEST_HOST = "$(BUILT_PRODUCTS_DIR)/SpaceRoom-Example.app/$(BUNDLE_EXECUTABLE_FOLDER_PATH)/SpaceRoom-Example";
			};
			name = Release;
		};
		232708992E5B5B6F0024597E /* Debug */ = {
			isa = XCBuildConfiguration;
			buildSettings = {
				CODE_SIGN_STYLE = Automatic;
				CURRENT_PROJECT_VERSION = 1;
				DEVELOPMENT_TEAM = R25D8C74JA;
				GENERATE_INFOPLIST_FILE = YES;
				IPHONEOS_DEPLOYMENT_TARGET = 12.0;
				MARKETING_VERSION = 1.0;
				PRODUCT_BUNDLE_IDENTIFIER = "com.subaiii.SpaceRoom-ExampleUITests";
				PRODUCT_NAME = "$(TARGET_NAME)";
				SUPPORTED_PLATFORMS = "iphoneos iphonesimulator";
				SUPPORTS_MACCATALYST = NO;
				SUPPORTS_MAC_DESIGNED_FOR_IPHONE_IPAD = NO;
				SWIFT_EMIT_LOC_STRINGS = NO;
				SWIFT_VERSION = 5.0;
				TARGETED_DEVICE_FAMILY = "1,2";
				TEST_TARGET_NAME = "SpaceRoom-Example";
			};
			name = Debug;
		};
		2327089A2E5B5B6F0024597E /* Release */ = {
			isa = XCBuildConfiguration;
			buildSettings = {
				CODE_SIGN_STYLE = Automatic;
				CURRENT_PROJECT_VERSION = 1;
				DEVELOPMENT_TEAM = R25D8C74JA;
				GENERATE_INFOPLIST_FILE = YES;
				IPHONEOS_DEPLOYMENT_TARGET = 12.0;
				MARKETING_VERSION = 1.0;
				PRODUCT_BUNDLE_IDENTIFIER = "com.subaiii.SpaceRoom-ExampleUITests";
				PRODUCT_NAME = "$(TARGET_NAME)";
				SUPPORTED_PLATFORMS = "iphoneos iphonesimulator";
				SUPPORTS_MACCATALYST = NO;
				SUPPORTS_MAC_DESIGNED_FOR_IPHONE_IPAD = NO;
				SWIFT_EMIT_LOC_STRINGS = NO;
				SWIFT_VERSION = 5.0;
				TARGETED_DEVICE_FAMILY = "1,2";
				TEST_TARGET_NAME = "SpaceRoom-Example";
			};
			name = Release;
		};
/* End XCBuildConfiguration section */

/* Begin XCConfigurationList section */
		232708622E5B5B6E0024597E /* Build configuration list for PBXProject "SpaceRoom-Example" */ = {
			isa = XCConfigurationList;
			buildConfigurations = (
				232708932E5B5B6F0024597E /* Debug */,
				232708942E5B5B6F0024597E /* Release */,
			);
			defaultConfigurationIsVisible = 0;
			defaultConfigurationName = Release;
		};
		232708902E5B5B6F0024597E /* Build configuration list for PBXNativeTarget "SpaceRoom-Example" */ = {
			isa = XCConfigurationList;
			buildConfigurations = (
				232708912E5B5B6F0024597E /* Debug */,
				232708922E5B5B6F0024597E /* Release */,
			);
			defaultConfigurationIsVisible = 0;
			defaultConfigurationName = Release;
		};
		232708952E5B5B6F0024597E /* Build configuration list for PBXNativeTarget "SpaceRoom-ExampleTests" */ = {
			isa = XCConfigurationList;
			buildConfigurations = (
				232708962E5B5B6F0024597E /* Debug */,
				232708972E5B5B6F0024597E /* Release */,
			);
			defaultConfigurationIsVisible = 0;
			defaultConfigurationName = Release;
		};
		232708982E5B5B6F0024597E /* Build configuration list for PBXNativeTarget "SpaceRoom-ExampleUITests" */ = {
			isa = XCConfigurationList;
			buildConfigurations = (
				232708992E5B5B6F0024597E /* Debug */,
				2327089A2E5B5B6F0024597E /* Release */,
			);
			defaultConfigurationIsVisible = 0;
			defaultConfigurationName = Release;
		};
/* End XCConfigurationList section */

/* Begin XCLocalSwiftPackageReference section */
		234D2B7A2E5C5ACA00BB9F57 /* XCLocalSwiftPackageReference "../../SpaceRoom" */ = {
			isa = XCLocalSwiftPackageReference;
			relativePath = ../../SpaceRoom;
		};
/* End XCLocalSwiftPackageReference section */

/* Begin XCRemoteSwiftPackageReference section */
		234D2B9D2E5CAC6700BB9F57 /* XCRemoteSwiftPackageReference "ScrollableSegment" */ = {
			isa = XCRemoteSwiftPackageReference;
			repositoryURL = "https://github.com/huangwenfei/ScrollableSegment";
			requirement = {
				kind = upToNextMajorVersion;
				minimumVersion = 0.0.1;
			};
		};
		234D2BA02E5CAD3200BB9F57 /* XCRemoteSwiftPackageReference "Yang" */ = {
			isa = XCRemoteSwiftPackageReference;
			repositoryURL = "https://github.com/huangwenfei/Yang";
			requirement = {
				kind = upToNextMajorVersion;
				minimumVersion = 0.0.2;
			};
		};
/* End XCRemoteSwiftPackageReference section */

/* Begin XCSwiftPackageProductDependency section */
		234D2B7B2E5C5ACA00BB9F57 /* SpaceRoom */ = {
			isa = XCSwiftPackageProductDependency;
			productName = SpaceRoom;
		};
		234D2B9E2E5CAC6700BB9F57 /* ScrollableSegment */ = {
			isa = XCSwiftPackageProductDependency;
			package = 234D2B9D2E5CAC6700BB9F57 /* XCRemoteSwiftPackageReference "ScrollableSegment" */;
			productName = ScrollableSegment;
		};
		234D2BA12E5CAD3200BB9F57 /* Yang */ = {
			isa = XCSwiftPackageProductDependency;
			package = 234D2BA02E5CAD3200BB9F57 /* XCRemoteSwiftPackageReference "Yang" */;
			productName = Yang;
		};
/* End XCSwiftPackageProductDependency section */
	};
	rootObject = 2327085F2E5B5B6E0024597E /* Project object */;
}
